// !$*UTF8*$!
{
	archiveVersion = 1;
	classes = {
	};
	objectVersion = 77;
	objects = {

/* Begin PBXContainerItemProxy section */
		65EFAA742D2965C900F635E3 /* PBXContainerItemProxy */ = {
			isa = PBXContainerItemProxy;
			containerPortal = 65EFAA5B2D2965C700F635E3 /* Project object */;
			proxyType = 1;
			remoteGlobalIDString = 65EFAA622D2965C700F635E3;
			remoteInfo = Streakly;
		};
		65EFAA7E2D2965C900F635E3 /* PBXContainerItemProxy */ = {
			isa = PBXContainerItemProxy;
			containerPortal = 65EFAA5B2D2965C700F635E3 /* Project object */;
			proxyType = 1;
			remoteGlobalIDString = 65EFAA622D2965C700F635E3;
			remoteInfo = Streakly;
		};
/* End PBXContainerItemProxy section */

/* Begin PBXFileReference section */
		65EFAA632D2965C700F635E3 /* Streakly.app */ = {isa = PBXFileReference; explicitFileType = wrapper.application; includeInIndex = 0; path = Streakly.app; sourceTree = BUILT_PRODUCTS_DIR; };
		65EFAA732D2965C900F635E3 /* StreaklyTests.xctest */ = {isa = PBXFileReference; explicitFileType = wrapper.cfbundle; includeInIndex = 0; path = StreaklyTests.xctest; sourceTree = BUILT_PRODUCTS_DIR; };
		65EFAA7D2D2965C900F635E3 /* StreaklyUITests.xctest */ = {isa = PBXFileReference; explicitFileType = wrapper.cfbundle; includeInIndex = 0; path = StreaklyUITests.xctest; sourceTree = BUILT_PRODUCTS_DIR; };
/* End PBXFileReference section */

/* Begin PBXFileSystemSynchronizedBuildFileExceptionSet section */
		6564699B2D29E56B003BDA2B /* Exceptions for "Streakly" folder in "Streakly" target */ = {
			isa = PBXFileSystemSynchronizedBuildFileExceptionSet;
			membershipExceptions = (
				Info.plist,
			);
			target = 65EFAA622D2965C700F635E3 /* Streakly */;
		};
/* End PBXFileSystemSynchronizedBuildFileExceptionSet section */

/* Begin PBXFileSystemSynchronizedRootGroup section */
		65EFAA652D2965C700F635E3 /* Streakly */ = {
			isa = PBXFileSystemSynchronizedRootGroup;
			exceptions = (
				6564699B2D29E56B003BDA2B /* Exceptions for "Streakly" folder in "Streakly" target */,
			);
			path = Streakly;
			sourceTree = "<group>";
		};
		65EFAA762D2965C900F635E3 /* StreaklyTests */ = {
			isa = PBXFileSystemSynchronizedRootGroup;
			path = StreaklyTests;
			sourceTree = "<group>";
		};
		65EFAA802D2965C900F635E3 /* StreaklyUITests */ = {
			isa = PBXFileSystemSynchronizedRootGroup;
			path = StreaklyUITests;
			sourceTree = "<group>";
		};
/* End PBXFileSystemSynchronizedRootGroup section */

/* Begin PBXFrameworksBuildPhase section */
		65EFAA602D2965C700F635E3 /* Frameworks */ = {
			isa = PBXFrameworksBuildPhase;
			buildActionMask = 2147483647;
			files = (
			);
			runOnlyForDeploymentPostprocessing = 0;
		};
		65EFAA702D2965C900F635E3 /* Frameworks */ = {
			isa = PBXFrameworksBuildPhase;
			buildActionMask = 2147483647;
			files = (
			);
			runOnlyForDeploymentPostprocessing = 0;
		};
		65EFAA7A2D2965C900F635E3 /* Frameworks */ = {
			isa = PBXFrameworksBuildPhase;
			buildActionMask = 2147483647;
			files = (
			);
			runOnlyForDeploymentPostprocessing = 0;
		};
/* End PBXFrameworksBuildPhase section */

/* Begin PBXGroup section */
		65EFAA5A2D2965C700F635E3 = {
			isa = PBXGroup;
			children = (
				65EFAA652D2965C700F635E3 /* Streakly */,
				65EFAA762D2965C900F635E3 /* StreaklyTests */,
				65EFAA802D2965C900F635E3 /* StreaklyUITests */,
				65EFAA642D2965C700F635E3 /* Products */,
			);
			sourceTree = "<group>";
		};
		65EFAA642D2965C700F635E3 /* Products */ = {
			isa = PBXGroup;
			children = (
				65EFAA632D2965C700F635E3 /* Streakly.app */,
				65EFAA732D2965C900F635E3 /* StreaklyTests.xctest */,
				65EFAA7D2D2965C900F635E3 /* StreaklyUITests.xctest */,
			);
			name = Products;
			sourceTree = "<group>";
		};
/* End PBXGroup section */

/* Begin PBXNativeTarget section */
		65EFAA622D2965C700F635E3 /* Streakly */ = {
			isa = PBXNativeTarget;
			buildConfigurationList = 65EFAA872D2965C900F635E3 /* Build configuration list for PBXNativeTarget "Streakly" */;
			buildPhases = (
				65EFAA5F2D2965C700F635E3 /* Sources */,
				65EFAA602D2965C700F635E3 /* Frameworks */,
				65EFAA612D2965C700F635E3 /* Resources */,
			);
			buildRules = (
			);
			dependencies = (
			);
			fileSystemSynchronizedGroups = (
				65EFAA652D2965C700F635E3 /* Streakly */,
			);
			name = Streakly;
			packageProductDependencies = (
			);
			productName = Streakly;
			productReference = 65EFAA632D2965C700F635E3 /* Streakly.app */;
			productType = "com.apple.product-type.application";
		};
		65EFAA722D2965C900F635E3 /* StreaklyTests */ = {
			isa = PBXNativeTarget;
			buildConfigurationList = 65EFAA8A2D2965C900F635E3 /* Build configuration list for PBXNativeTarget "StreaklyTests" */;
			buildPhases = (
				65EFAA6F2D2965C900F635E3 /* Sources */,
				65EFAA702D2965C900F635E3 /* Frameworks */,
				65EFAA712D2965C900F635E3 /* Resources */,
			);
			buildRules = (
			);
			dependencies = (
				65EFAA752D2965C900F635E3 /* PBXTargetDependency */,
			);
			fileSystemSynchronizedGroups = (
				65EFAA762D2965C900F635E3 /* StreaklyTests */,
			);
			name = StreaklyTests;
			packageProductDependencies = (
			);
			productName = StreaklyTests;
			productReference = 65EFAA732D2965C900F635E3 /* StreaklyTests.xctest */;
			productType = "com.apple.product-type.bundle.unit-test";
		};
		65EFAA7C2D2965C900F635E3 /* StreaklyUITests */ = {
			isa = PBXNativeTarget;
			buildConfigurationList = 65EFAA8D2D2965C900F635E3 /* Build configuration list for PBXNativeTarget "StreaklyUITests" */;
			buildPhases = (
				65EFAA792D2965C900F635E3 /* Sources */,
				65EFAA7A2D2965C900F635E3 /* Frameworks */,
				65EFAA7B2D2965C900F635E3 /* Resources */,
			);
			buildRules = (
			);
			dependencies = (
				65EFAA7F2D2965C900F635E3 /* PBXTargetDependency */,
			);
			fileSystemSynchronizedGroups = (
				65EFAA802D2965C900F635E3 /* StreaklyUITests */,
			);
			name = StreaklyUITests;
			packageProductDependencies = (
			);
			productName = StreaklyUITests;
			productReference = 65EFAA7D2D2965C900F635E3 /* StreaklyUITests.xctest */;
			productType = "com.apple.product-type.bundle.ui-testing";
		};
/* End PBXNativeTarget section */

/* Begin PBXProject section */
		65EFAA5B2D2965C700F635E3 /* Project object */ = {
			isa = PBXProject;
			attributes = {
				BuildIndependentTargetsInParallel = 1;
				LastSwiftUpdateCheck = 1600;
				LastUpgradeCheck = 1600;
				TargetAttributes = {
					65EFAA622D2965C700F635E3 = {
						CreatedOnToolsVersion = 16.0;
					};
					65EFAA722D2965C900F635E3 = {
						CreatedOnToolsVersion = 16.0;
						TestTargetID = 65EFAA622D2965C700F635E3;
					};
					65EFAA7C2D2965C900F635E3 = {
						CreatedOnToolsVersion = 16.0;
						TestTargetID = 65EFAA622D2965C700F635E3;
					};
				};
			};
			buildConfigurationList = 65EFAA5E2D2965C700F635E3 /* Build configuration list for PBXProject "Streakly" */;
			developmentRegion = en;
			hasScannedForEncodings = 0;
			knownRegions = (
				en,
				Base,
			);
			mainGroup = 65EFAA5A2D2965C700F635E3;
			minimizedProjectReferenceProxies = 1;
			preferredProjectObjectVersion = 77;
			productRefGroup = 65EFAA642D2965C700F635E3 /* Products */;
			projectDirPath = "";
			projectRoot = "";
			targets = (
				65EFAA622D2965C700F635E3 /* Streakly */,
				65EFAA722D2965C900F635E3 /* StreaklyTests */,
				65EFAA7C2D2965C900F635E3 /* StreaklyUITests */,
			);
		};
/* End PBXProject section */

/* Begin PBXResourcesBuildPhase section */
		65EFAA612D2965C700F635E3 /* Resources */ = {
			isa = PBXResourcesBuildPhase;
			buildActionMask = 2147483647;
			files = (
			);
			runOnlyForDeploymentPostprocessing = 0;
		};
		65EFAA712D2965C900F635E3 /* Resources */ = {
			isa = PBXResourcesBuildPhase;
			buildActionMask = 2147483647;
			files = (
			);
			runOnlyForDeploymentPostprocessing = 0;
		};
		65EFAA7B2D2965C900F635E3 /* Resources */ = {
			isa = PBXResourcesBuildPhase;
			buildActionMask = 2147483647;
			files = (
			);
			runOnlyForDeploymentPostprocessing = 0;
		};
/* End PBXResourcesBuildPhase section */

/* Begin PBXSourcesBuildPhase section */
		65EFAA5F2D2965C700F635E3 /* Sources */ = {
			isa = PBXSourcesBuildPhase;
			buildActionMask = 2147483647;
			files = (
			);
			runOnlyForDeploymentPostprocessing = 0;
		};
		65EFAA6F2D2965C900F635E3 /* Sources */ = {
			isa = PBXSourcesBuildPhase;
			buildActionMask = 2147483647;
			files = (
			);
			runOnlyForDeploymentPostprocessing = 0;
		};
		65EFAA792D2965C900F635E3 /* Sources */ = {
			isa = PBXSourcesBuildPhase;
			buildActionMask = 2147483647;
			files = (
			);
			runOnlyForDeploymentPostprocessing = 0;
		};
/* End PBXSourcesBuildPhase section */

/* Begin PBXTargetDependency section */
		65EFAA752D2965C900F635E3 /* PBXTargetDependency */ = {
			isa = PBXTargetDependency;
			target = 65EFAA622D2965C700F635E3 /* Streakly */;
			targetProxy = 65EFAA742D2965C900F635E3 /* PBXContainerItemProxy */;
		};
		65EFAA7F2D2965C900F635E3 /* PBXTargetDependency */ = {
			isa = PBXTargetDependency;
			target = 65EFAA622D2965C700F635E3 /* Streakly */;
			targetProxy = 65EFAA7E2D2965C900F635E3 /* PBXContainerItemProxy */;
		};
/* End PBXTargetDependency section */

/* Begin XCBuildConfiguration section */
		65EFAA852D2965C900F635E3 /* Debug */ = {
			isa = XCBuildConfiguration;
			buildSettings = {
				ALWAYS_SEARCH_USER_PATHS = NO;
				ASSETCATALOG_COMPILER_GENERATE_SWIFT_ASSET_SYMBOL_EXTENSIONS = YES;
				CLANG_ANALYZER_NONNULL = YES;
				CLANG_ANALYZER_NUMBER_OBJECT_CONVERSION = YES_AGGRESSIVE;
				CLANG_CXX_LANGUAGE_STANDARD = "gnu++20";
				CLANG_ENABLE_MODULES = YES;
				CLANG_ENABLE_OBJC_ARC = YES;
				CLANG_ENABLE_OBJC_WEAK = YES;
				CLANG_WARN_BLOCK_CAPTURE_AUTORELEASING = YES;
				CLANG_WARN_BOOL_CONVERSION = YES;
				CLANG_WARN_COMMA = YES;
				CLANG_WARN_CONSTANT_CONVERSION = YES;
				CLANG_WARN_DEPRECATED_OBJC_IMPLEMENTATIONS = YES;
				CLANG_WARN_DIRECT_OBJC_ISA_USAGE = YES_ERROR;
				CLANG_WARN_DOCUMENTATION_COMMENTS = YES;
				CLANG_WARN_EMPTY_BODY = YES;
				CLANG_WARN_ENUM_CONVERSION = YES;
				CLANG_WARN_INFINITE_RECURSION = YES;
				CLANG_WARN_INT_CONVERSION = YES;
				CLANG_WARN_NON_LITERAL_NULL_CONVERSION = YES;
				CLANG_WARN_OBJC_IMPLICIT_RETAIN_SELF = YES;
				CLANG_WARN_OBJC_LITERAL_CONVERSION = YES;
				CLANG_WARN_OBJC_ROOT_CLASS = YES_ERROR;
				CLANG_WARN_QUOTED_INCLUDE_IN_FRAMEWORK_HEADER = YES;
				CLANG_WARN_RANGE_LOOP_ANALYSIS = YES;
				CLANG_WARN_STRICT_PROTOTYPES = YES;
				CLANG_WARN_SUSPICIOUS_MOVE = YES;
				CLANG_WARN_UNGUARDED_AVAILABILITY = YES_AGGRESSIVE;
				CLANG_WARN_UNREACHABLE_CODE = YES;
				CLANG_WARN__DUPLICATE_METHOD_MATCH = YES;
				COPY_PHASE_STRIP = NO;
				DEBUG_INFORMATION_FORMAT = dwarf;
				ENABLE_STRICT_OBJC_MSGSEND = YES;
				ENABLE_TESTABILITY = YES;
				ENABLE_USER_SCRIPT_SANDBOXING = YES;
				GCC_C_LANGUAGE_STANDARD = gnu17;
				GCC_DYNAMIC_NO_PIC = NO;
				GCC_NO_COMMON_BLOCKS = YES;
				GCC_OPTIMIZATION_LEVEL = 0;
				GCC_PREPROCESSOR_DEFINITIONS = (
					"DEBUG=1",
					"$(inherited)",
				);
				GCC_WARN_64_TO_32_BIT_CONVERSION = YES;
				GCC_WARN_ABOUT_RETURN_TYPE = YES_ERROR;
				GCC_WARN_UNDECLARED_SELECTOR = YES;
				GCC_WARN_UNINITIALIZED_AUTOS = YES_AGGRESSIVE;
				GCC_WARN_UNUSED_FUNCTION = YES;
				GCC_WARN_UNUSED_VARIABLE = YES;
				IPHONEOS_DEPLOYMENT_TARGET = 18.0;
				LOCALIZATION_PREFERS_STRING_CATALOGS = YES;
				MTL_ENABLE_DEBUG_INFO = INCLUDE_SOURCE;
				MTL_FAST_MATH = YES;
				ONLY_ACTIVE_ARCH = YES;
				SDKROOT = iphoneos;
				SWIFT_ACTIVE_COMPILATION_CONDITIONS = "DEBUG $(inherited)";
				SWIFT_OPTIMIZATION_LEVEL = "-Onone";
			};
			name = Debug;
		};
		65EFAA862D2965C900F635E3 /* Release */ = {
			isa = XCBuildConfiguration;
			buildSettings = {
				ALWAYS_SEARCH_USER_PATHS = NO;
				ASSETCATALOG_COMPILER_GENERATE_SWIFT_ASSET_SYMBOL_EXTENSIONS = YES;
				CLANG_ANALYZER_NONNULL = YES;
				CLANG_ANALYZER_NUMBER_OBJECT_CONVERSION = YES_AGGRESSIVE;
				CLANG_CXX_LANGUAGE_STANDARD = "gnu++20";
				CLANG_ENABLE_MODULES = YES;
				CLANG_ENABLE_OBJC_ARC = YES;
				CLANG_ENABLE_OBJC_WEAK = YES;
				CLANG_WARN_BLOCK_CAPTURE_AUTORELEASING = YES;
				CLANG_WARN_BOOL_CONVERSION = YES;
				CLANG_WARN_COMMA = YES;
				CLANG_WARN_CONSTANT_CONVERSION = YES;
				CLANG_WARN_DEPRECATED_OBJC_IMPLEMENTATIONS = YES;
				CLANG_WARN_DIRECT_OBJC_ISA_USAGE = YES_ERROR;
				CLANG_WARN_DOCUMENTATION_COMMENTS = YES;
				CLANG_WARN_EMPTY_BODY = YES;
				CLANG_WARN_ENUM_CONVERSION = YES;
				CLANG_WARN_INFINITE_RECURSION = YES;
				CLANG_WARN_INT_CONVERSION = YES;
				CLANG_WARN_NON_LITERAL_NULL_CONVERSION = YES;
				CLANG_WARN_OBJC_IMPLICIT_RETAIN_SELF = YES;
				CLANG_WARN_OBJC_LITERAL_CONVERSION = YES;
				CLANG_WARN_OBJC_ROOT_CLASS = YES_ERROR;
				CLANG_WARN_QUOTED_INCLUDE_IN_FRAMEWORK_HEADER = YES;
				CLANG_WARN_RANGE_LOOP_ANALYSIS = YES;
				CLANG_WARN_STRICT_PROTOTYPES = YES;
				CLANG_WARN_SUSPICIOUS_MOVE = YES;
				CLANG_WARN_UNGUARDED_AVAILABILITY = YES_AGGRESSIVE;
				CLANG_WARN_UNREACHABLE_CODE = YES;
				CLANG_WARN__DUPLICATE_METHOD_MATCH = YES;
				COPY_PHASE_STRIP = NO;
				DEBUG_INFORMATION_FORMAT = "dwarf-with-dsym";
				ENABLE_NS_ASSERTIONS = NO;
				ENABLE_STRICT_OBJC_MSGSEND = YES;
				ENABLE_USER_SCRIPT_SANDBOXING = YES;
				GCC_C_LANGUAGE_STANDARD = gnu17;
				GCC_NO_COMMON_BLOCKS = YES;
				GCC_WARN_64_TO_32_BIT_CONVERSION = YES;
				GCC_WARN_ABOUT_RETURN_TYPE = YES_ERROR;
				GCC_WARN_UNDECLARED_SELECTOR = YES;
				GCC_WARN_UNINITIALIZED_AUTOS = YES_AGGRESSIVE;
				GCC_WARN_UNUSED_FUNCTION = YES;
				GCC_WARN_UNUSED_VARIABLE = YES;
				IPHONEOS_DEPLOYMENT_TARGET = 18.0;
				LOCALIZATION_PREFERS_STRING_CATALOGS = YES;
				MTL_ENABLE_DEBUG_INFO = NO;
				MTL_FAST_MATH = YES;
				SDKROOT = iphoneos;
				SWIFT_COMPILATION_MODE = wholemodule;
				VALIDATE_PRODUCT = YES;
			};
			name = Release;
		};
		65EFAA882D2965C900F635E3 /* Debug */ = {
			isa = XCBuildConfiguration;
			buildSettings = {
				ASSETCATALOG_COMPILER_APPICON_NAME = AppIcon;
				ASSETCATALOG_COMPILER_GLOBAL_ACCENT_COLOR_NAME = AccentColor;
				CODE_SIGN_STYLE = Automatic;
				CURRENT_PROJECT_VERSION = 1;
				DEVELOPMENT_ASSET_PATHS = "\"Streakly/Preview Content\"";
				DEVELOPMENT_TEAM = BK8RRPUN57;
				ENABLE_PREVIEWS = YES;
				GENERATE_INFOPLIST_FILE = YES;
				INFOPLIST_FILE = Streakly/Info.plist;
				INFOPLIST_KEY_UIApplicationSceneManifest_Generation = YES;
				INFOPLIST_KEY_UIApplicationSupportsIndirectInputEvents = YES;
				INFOPLIST_KEY_UILaunchScreen_Generation = YES;
				INFOPLIST_KEY_UISupportedInterfaceOrientations_iPad = "UIInterfaceOrientationPortrait UIInterfaceOrientationPortraitUpsideDown UIInterfaceOrientationLandscapeLeft UIInterfaceOrientationLandscapeRight";
				INFOPLIST_KEY_UISupportedInterfaceOrientations_iPhone = "UIInterfaceOrientationPortrait UIInterfaceOrientationLandscapeLeft UIInterfaceOrientationLandscapeRight";
				LD_RUNPATH_SEARCH_PATHS = (
					"$(inherited)",
					"@executable_path/Frameworks",
				);
				MARKETING_VERSION = 1.0;
				PRODUCT_BUNDLE_IDENTIFIER = com.andreangiolillo.Streakly;
				PRODUCT_NAME = "$(TARGET_NAME)";
				SWIFT_EMIT_LOC_STRINGS = YES;
				SWIFT_VERSION = 5.0;
				TARGETED_DEVICE_FAMILY = "1,2";
			};
			name = Debug;
		};
		65EFAA892D2965C900F635E3 /* Release */ = {
			isa = XCBuildConfiguration;
			buildSettings = {
				ASSETCATALOG_COMPILER_APPICON_NAME = AppIcon;
				ASSETCATALOG_COMPILER_GLOBAL_ACCENT_COLOR_NAME = AccentColor;
				CODE_SIGN_STYLE = Automatic;
				CURRENT_PROJECT_VERSION = 1;
				DEVELOPMENT_ASSET_PATHS = "\"Streakly/Preview Content\"";
				DEVELOPMENT_TEAM = BK8RRPUN57;
				ENABLE_PREVIEWS = YES;
				GENERATE_INFOPLIST_FILE = YES;
				INFOPLIST_FILE = Streakly/Info.plist;
				INFOPLIST_KEY_UIApplicationSceneManifest_Generation = YES;
				INFOPLIST_KEY_UIApplicationSupportsIndirectInputEvents = YES;
				INFOPLIST_KEY_UILaunchScreen_Generation = YES;
				INFOPLIST_KEY_UISupportedInterfaceOrientations_iPad = "UIInterfaceOrientationPortrait UIInterfaceOrientationPortraitUpsideDown UIInterfaceOrientationLandscapeLeft UIInterfaceOrientationLandscapeRight";
				INFOPLIST_KEY_UISupportedInterfaceOrientations_iPhone = "UIInterfaceOrientationPortrait UIInterfaceOrientationLandscapeLeft UIInterfaceOrientationLandscapeRight";
				LD_RUNPATH_SEARCH_PATHS = (
					"$(inherited)",
					"@executable_path/Frameworks",
				);
				MARKETING_VERSION = 1.0;
				PRODUCT_BUNDLE_IDENTIFIER = com.andreangiolillo.Streakly;
				PRODUCT_NAME = "$(TARGET_NAME)";
				SWIFT_EMIT_LOC_STRINGS = YES;
				SWIFT_VERSION = 5.0;
				TARGETED_DEVICE_FAMILY = "1,2";
			};
			name = Release;
		};
		65EFAA8B2D2965C900F635E3 /* Debug */ = {
			isa = XCBuildConfiguration;
			buildSettings = {
				BUNDLE_LOADER = "$(TEST_HOST)";
				CODE_SIGN_STYLE = Automatic;
				CURRENT_PROJECT_VERSION = 1;
				DEVELOPMENT_TEAM = BK8RRPUN57;
				GENERATE_INFOPLIST_FILE = YES;
				IPHONEOS_DEPLOYMENT_TARGET = 18.0;
				MARKETING_VERSION = 1.0;
				PRODUCT_BUNDLE_IDENTIFIER = com.andreangiolillo.StreaklyTests;
				PRODUCT_NAME = "$(TARGET_NAME)";
				SWIFT_EMIT_LOC_STRINGS = NO;
				SWIFT_VERSION = 5.0;
				TARGETED_DEVICE_FAMILY = "1,2";
				TEST_HOST = "$(BUILT_PRODUCTS_DIR)/Streakly.app/$(BUNDLE_EXECUTABLE_FOLDER_PATH)/Streakly";
			};
			name = Debug;
		};
		65EFAA8C2D2965C900F635E3 /* Release */ = {
			isa = XCBuildConfiguration;
			buildSettings = {
				BUNDLE_LOADER = "$(TEST_HOST)";
				CODE_SIGN_STYLE = Automatic;
				CURRENT_PROJECT_VERSION = 1;
				DEVELOPMENT_TEAM = BK8RRPUN57;
				GENERATE_INFOPLIST_FILE = YES;
				IPHONEOS_DEPLOYMENT_TARGET = 18.0;
				MARKETING_VERSION = 1.0;
				PRODUCT_BUNDLE_IDENTIFIER = com.andreangiolillo.StreaklyTests;
				PRODUCT_NAME = "$(TARGET_NAME)";
				SWIFT_EMIT_LOC_STRINGS = NO;
				SWIFT_VERSION = 5.0;
				TARGETED_DEVICE_FAMILY = "1,2";
				TEST_HOST = "$(BUILT_PRODUCTS_DIR)/Streakly.app/$(BUNDLE_EXECUTABLE_FOLDER_PATH)/Streakly";
			};
			name = Release;
		};
		65EFAA8E2D2965C900F635E3 /* Debug */ = {
			isa = XCBuildConfiguration;
			buildSettings = {
				CODE_SIGN_STYLE = Automatic;
				CURRENT_PROJECT_VERSION = 1;
				DEVELOPMENT_TEAM = BK8RRPUN57;
				GENERATE_INFOPLIST_FILE = YES;
				MARKETING_VERSION = 1.0;
				PRODUCT_BUNDLE_IDENTIFIER = com.andreangiolillo.StreaklyUITests;
				PRODUCT_NAME = "$(TARGET_NAME)";
				SWIFT_EMIT_LOC_STRINGS = NO;
				SWIFT_VERSION = 5.0;
				TARGETED_DEVICE_FAMILY = "1,2";
				TEST_TARGET_NAME = Streakly;
			};
			name = Debug;
		};
		65EFAA8F2D2965C900F635E3 /* Release */ = {
			isa = XCBuildConfiguration;
			buildSettings = {
				CODE_SIGN_STYLE = Automatic;
				CURRENT_PROJECT_VERSION = 1;
				DEVELOPMENT_TEAM = BK8RRPUN57;
				GENERATE_INFOPLIST_FILE = YES;
				MARKETING_VERSION = 1.0;
				PRODUCT_BUNDLE_IDENTIFIER = com.andreangiolillo.StreaklyUITests;
				PRODUCT_NAME = "$(TARGET_NAME)";
				SWIFT_EMIT_LOC_STRINGS = NO;
				SWIFT_VERSION = 5.0;
				TARGETED_DEVICE_FAMILY = "1,2";
				TEST_TARGET_NAME = Streakly;
			};
			name = Release;
		};
/* End XCBuildConfiguration section */

/* Begin XCConfigurationList section */
		65EFAA5E2D2965C700F635E3 /* Build configuration list for PBXProject "Streakly" */ = {
			isa = XCConfigurationList;
			buildConfigurations = (
				65EFAA852D2965C900F635E3 /* Debug */,
				65EFAA862D2965C900F635E3 /* Release */,
			);
			defaultConfigurationIsVisible = 0;
			defaultConfigurationName = Release;
		};
		65EFAA872D2965C900F635E3 /* Build configuration list for PBXNativeTarget "Streakly" */ = {
			isa = XCConfigurationList;
			buildConfigurations = (
				65EFAA882D2965C900F635E3 /* Debug */,
				65EFAA892D2965C900F635E3 /* Release */,
			);
			defaultConfigurationIsVisible = 0;
			defaultConfigurationName = Release;
		};
		65EFAA8A2D2965C900F635E3 /* Build configuration list for PBXNativeTarget "StreaklyTests" */ = {
			isa = XCConfigurationList;
			buildConfigurations = (
				65EFAA8B2D2965C900F635E3 /* Debug */,
				65EFAA8C2D2965C900F635E3 /* Release */,
			);
			defaultConfigurationIsVisible = 0;
			defaultConfigurationName = Release;
		};
		65EFAA8D2D2965C900F635E3 /* Build configuration list for PBXNativeTarget "StreaklyUITests" */ = {
			isa = XCConfigurationList;
			buildConfigurations = (
				65EFAA8E2D2965C900F635E3 /* Debug */,
				65EFAA8F2D2965C900F635E3 /* Release */,
			);
			defaultConfigurationIsVisible = 0;
			defaultConfigurationName = Release;
		};
/* End XCConfigurationList section */
	};
	rootObject = 65EFAA5B2D2965C700F635E3 /* Project object */;
}
